
Microsoft Visual Studio Solution File, Format Version 12.00
# Visual Studio Version 16
VisualStudioVersion = 16.0.30225.117
MinimumVisualStudioVersion = 10.0.40219.1
Project("{FAE04EC0-301F-11D3-BF4B-00C04F79EFBC}") = "HackerRank", ".\HackerRank\HackerRank.csproj", "{0783B195-E956-480D-A434-68700532E18B}"
EndProject
Project("{FAE04EC0-301F-11D3-BF4B-00C04F79EFBC}") = "ArtificialIntelligence", ".\ArtificialIntelligence\ArtificialIntelligence.csproj", "{5E9E8A70-2832-4048-81BE-5DEA3CC77DE4}"
EndProject
Project("{FAE04EC0-301F-11D3-BF4B-00C04F79EFBC}") = "Mathematics", ".\Mathematics\Mathematics.csproj", "{250ABF2F-F671-4334-9B42-6A3170127BD3}"
EndProject
Project("{FAE04EC0-301F-11D3-BF4B-00C04F79EFBC}") = "InterviewPreparationKit", ".\InterviewPreparationKit\InterviewPreparationKit.csproj", "{AA3F7260-FD9D-4A57-B169-2F34ABD038AF}"
EndProject
Project("{FAE04EC0-301F-11D3-BF4B-00C04F79EFBC}") = "ProblemSolving", ".\ProblemSolving\ProblemSolving.csproj", "{79261A4E-095D-4A3A-B38E-6D4E3E31DFD0}"
EndProject
Global
	GlobalSection(SolutionConfigurationPlatforms) = preSolution
		Debug|Any CPU = Debug|Any CPU
		Release|Any CPU = Release|Any CPU
	EndGlobalSection
	GlobalSection(ProjectConfigurationPlatforms) = postSolution
		{0783B195-E956-480D-A434-68700532E18B}.Debug|Any CPU.ActiveCfg = Debug|Any CPU
		{0783B195-E956-480D-A434-68700532E18B}.Debug|Any CPU.Build.0 = Debug|Any CPU
		{0783B195-E956-480D-A434-68700532E18B}.Release|Any CPU.ActiveCfg = Release|Any CPU
		{0783B195-E956-480D-A434-68700532E18B}.Release|Any CPU.Build.0 = Release|Any CPU
		{5E9E8A70-2832-4048-81BE-5DEA3CC77DE4}.Debug|Any CPU.ActiveCfg = Debug|Any CPU
		{5E9E8A70-2832-4048-81BE-5DEA3CC77DE4}.Debug|Any CPU.Build.0 = Debug|Any CPU
		{5E9E8A70-2832-4048-81BE-5DEA3CC77DE4}.Release|Any CPU.ActiveCfg = Release|Any CPU
		{5E9E8A70-2832-4048-81BE-5DEA3CC77DE4}.Release|Any CPU.Build.0 = Release|Any CPU
		{250ABF2F-F671-4334-9B42-6A3170127BD3}.Debug|Any CPU.ActiveCfg = Debug|Any CPU
		{250ABF2F-F671-4334-9B42-6A3170127BD3}.Debug|Any CPU.Build.0 = Debug|Any CPU
		{250ABF2F-F671-4334-9B42-6A3170127BD3}.Release|Any CPU.ActiveCfg = Release|Any CPU
		{250ABF2F-F671-4334-9B42-6A3170127BD3}.Release|Any CPU.Build.0 = Release|Any CPU
		{AA3F7260-FD9D-4A57-B169-2F34ABD038AF}.Debug|Any CPU.ActiveCfg = Debug|Any CPU
		{AA3F7260-FD9D-4A57-B169-2F34ABD038AF}.Debug|Any CPU.Build.0 = Debug|Any CPU
		{AA3F7260-FD9D-4A57-B169-2F34ABD038AF}.Release|Any CPU.ActiveCfg = Release|Any CPU
		{AA3F7260-FD9D-4A57-B169-2F34ABD038AF}.Release|Any CPU.Build.0 = Release|Any CPU
		{79261A4E-095D-4A3A-B38E-6D4E3E31DFD0}.Debug|Any CPU.ActiveCfg = Debug|Any CPU
		{79261A4E-095D-4A3A-B38E-6D4E3E31DFD0}.Debug|Any CPU.Build.0 = Debug|Any CPU
		{79261A4E-095D-4A3A-B38E-6D4E3E31DFD0}.Release|Any CPU.ActiveCfg = Release|Any CPU
		{79261A4E-095D-4A3A-B38E-6D4E3E31DFD0}.Release|Any CPU.Build.0 = Release|Any CPU
	EndGlobalSection
	GlobalSection(SolutionProperties) = preSolution
		HideSolutionNode = FALSE
	EndGlobalSection
	GlobalSection(ExtensibilityGlobals) = postSolution
		SolutionGuid = {078EB218-A667-4292-915E-9DEF007A59FD}
	EndGlobalSection
EndGlobal
